
Microsoft Visual Studio Solution File, Format Version 12.00
# Visual Studio Version 17
VisualStudioVersion = 17.0.31903.59
MinimumVisualStudioVersion = 10.0.40219.1
Project("{2150E333-8FDC-42A3-9474-1A3956D46DE8}") = "src", "src", "{827E0CD3-B72D-47B6-A68D-7590B98EB39B}"
EndProject
Project("{FAE04EC0-301F-11D3-BF4B-00C04F79EFBC}") = "Catalog.Contracts", "src\Catalog.Contracts\Catalog.Contracts.csproj", "{E31A55DF-FC7F-41DD-AFA6-D993FAB0CC07}"
EndProject
Project("{FAE04EC0-301F-11D3-BF4B-00C04F79EFBC}") = "Catalog.Api", "src\Catalog.Api\Catalog.Api.csproj", "{8281E424-7B83-4110-ADCE-82F5F88EA80D}"
EndProject
Project("{FAE04EC0-301F-11D3-BF4B-00C04F79EFBC}") = "Catalog.Managers", "src\Catalog.Managers\Catalog.Managers.csproj", "{E82F21F0-8FF2-47B5-853F-BC98DED64CB4}"
EndProject
Project("{FAE04EC0-301F-11D3-BF4B-00C04F79EFBC}") = "Catalog.Engines", "src\Catalog.Engines\Catalog.Engines.csproj", "{0E8AC1F6-9430-4FFF-8ACC-995ECE66D9D4}"
EndProject
Project("{FAE04EC0-301F-11D3-BF4B-00C04F79EFBC}") = "Catalog.Accessors", "src\Catalog.Accessors\Catalog.Accessors.csproj", "{22B1D02F-6ED3-4542-BAF0-1BBB34C2F9A4}"
EndProject
Project("{2150E333-8FDC-42A3-9474-1A3956D46DE8}") = "tests", "tests", "{0AB3BF05-4346-4AA6-1389-037BE0695223}"
EndProject
Project("{FAE04EC0-301F-11D3-BF4B-00C04F79EFBC}") = "Catalog.Api.Tests", "tests\Catalog.Api.Tests\Catalog.Api.Tests.csproj", "{C8F99A99-98A1-49B6-B367-EB3CF9E617F1}"
EndProject
Project("{FAE04EC0-301F-11D3-BF4B-00C04F79EFBC}") = "Catalog.Architecture.Tests", "tests\Catalog.Architecture.Tests\Catalog.Architecture.Tests.csproj", "{88B5CF1F-BEAE-4352-A935-2D5BCADC34AE}"
EndProject
Project("{FAE04EC0-301F-11D3-BF4B-00C04F79EFBC}") = "Catalog.Product.Tests", "tests\Catalog.Product.Tests\Catalog.Product.Tests.csproj", "{A93ECFDD-2EE9-42C8-815A-A866E37C5042}"
EndProject
Project("{FAE04EC0-301F-11D3-BF4B-00C04F79EFBC}") = "Catalog.Product.IntegrationTests", "tests\Catalog.Product.IntegrationTests\Catalog.Product.IntegrationTests.csproj", "{721CB7B8-CEC0-4545-80EC-F7CA4784D4E3}"
EndProject
Project("{FAE04EC0-301F-11D3-BF4B-00C04F79EFBC}") = "Catalog.DatabaseMigrator", "src\Catalog.DatabaseMigrator\Catalog.DatabaseMigrator.csproj", "{827045BB-CC90-4A98-B5E0-770B9372BD2E}"
EndProject
Global
	GlobalSection(SolutionConfigurationPlatforms) = preSolution
		Debug|Any CPU = Debug|Any CPU
		Debug|x64 = Debug|x64
		Debug|x86 = Debug|x86
		Release|Any CPU = Release|Any CPU
		Release|x64 = Release|x64
		Release|x86 = Release|x86
	EndGlobalSection
	GlobalSection(ProjectConfigurationPlatforms) = postSolution
		{E31A55DF-FC7F-41DD-AFA6-D993FAB0CC07}.Debug|Any CPU.ActiveCfg = Debug|Any CPU
		{E31A55DF-FC7F-41DD-AFA6-D993FAB0CC07}.Debug|Any CPU.Build.0 = Debug|Any CPU
		{E31A55DF-FC7F-41DD-AFA6-D993FAB0CC07}.Debug|x64.ActiveCfg = Debug|Any CPU
		{E31A55DF-FC7F-41DD-AFA6-D993FAB0CC07}.Debug|x64.Build.0 = Debug|Any CPU
		{E31A55DF-FC7F-41DD-AFA6-D993FAB0CC07}.Debug|x86.ActiveCfg = Debug|Any CPU
		{E31A55DF-FC7F-41DD-AFA6-D993FAB0CC07}.Debug|x86.Build.0 = Debug|Any CPU
		{E31A55DF-FC7F-41DD-AFA6-D993FAB0CC07}.Release|Any CPU.ActiveCfg = Release|Any CPU
		{E31A55DF-FC7F-41DD-AFA6-D993FAB0CC07}.Release|Any CPU.Build.0 = Release|Any CPU
		{E31A55DF-FC7F-41DD-AFA6-D993FAB0CC07}.Release|x64.ActiveCfg = Release|Any CPU
		{E31A55DF-FC7F-41DD-AFA6-D993FAB0CC07}.Release|x64.Build.0 = Release|Any CPU
		{E31A55DF-FC7F-41DD-AFA6-D993FAB0CC07}.Release|x86.ActiveCfg = Release|Any CPU
		{E31A55DF-FC7F-41DD-AFA6-D993FAB0CC07}.Release|x86.Build.0 = Release|Any CPU
		{8281E424-7B83-4110-ADCE-82F5F88EA80D}.Debug|Any CPU.ActiveCfg = Debug|Any CPU
		{8281E424-7B83-4110-ADCE-82F5F88EA80D}.Debug|Any CPU.Build.0 = Debug|Any CPU
		{8281E424-7B83-4110-ADCE-82F5F88EA80D}.Debug|x64.ActiveCfg = Debug|Any CPU
		{8281E424-7B83-4110-ADCE-82F5F88EA80D}.Debug|x64.Build.0 = Debug|Any CPU
		{8281E424-7B83-4110-ADCE-82F5F88EA80D}.Debug|x86.ActiveCfg = Debug|Any CPU
		{8281E424-7B83-4110-ADCE-82F5F88EA80D}.Debug|x86.Build.0 = Debug|Any CPU
		{8281E424-7B83-4110-ADCE-82F5F88EA80D}.Release|Any CPU.ActiveCfg = Release|Any CPU
		{8281E424-7B83-4110-ADCE-82F5F88EA80D}.Release|Any CPU.Build.0 = Release|Any CPU
		{8281E424-7B83-4110-ADCE-82F5F88EA80D}.Release|x64.ActiveCfg = Release|Any CPU
		{8281E424-7B83-4110-ADCE-82F5F88EA80D}.Release|x64.Build.0 = Release|Any CPU
		{8281E424-7B83-4110-ADCE-82F5F88EA80D}.Release|x86.ActiveCfg = Release|Any CPU
		{8281E424-7B83-4110-ADCE-82F5F88EA80D}.Release|x86.Build.0 = Release|Any CPU
		{E82F21F0-8FF2-47B5-853F-BC98DED64CB4}.Debug|Any CPU.ActiveCfg = Debug|Any CPU
		{E82F21F0-8FF2-47B5-853F-BC98DED64CB4}.Debug|Any CPU.Build.0 = Debug|Any CPU
		{E82F21F0-8FF2-47B5-853F-BC98DED64CB4}.Debug|x64.ActiveCfg = Debug|Any CPU
		{E82F21F0-8FF2-47B5-853F-BC98DED64CB4}.Debug|x64.Build.0 = Debug|Any CPU
		{E82F21F0-8FF2-47B5-853F-BC98DED64CB4}.Debug|x86.ActiveCfg = Debug|Any CPU
		{E82F21F0-8FF2-47B5-853F-BC98DED64CB4}.Debug|x86.Build.0 = Debug|Any CPU
		{E82F21F0-8FF2-47B5-853F-BC98DED64CB4}.Release|Any CPU.ActiveCfg = Release|Any CPU
		{E82F21F0-8FF2-47B5-853F-BC98DED64CB4}.Release|Any CPU.Build.0 = Release|Any CPU
		{E82F21F0-8FF2-47B5-853F-BC98DED64CB4}.Release|x64.ActiveCfg = Release|Any CPU
		{E82F21F0-8FF2-47B5-853F-BC98DED64CB4}.Release|x64.Build.0 = Release|Any CPU
		{E82F21F0-8FF2-47B5-853F-BC98DED64CB4}.Release|x86.ActiveCfg = Release|Any CPU
		{E82F21F0-8FF2-47B5-853F-BC98DED64CB4}.Release|x86.Build.0 = Release|Any CPU
		{0E8AC1F6-9430-4FFF-8ACC-995ECE66D9D4}.Debug|Any CPU.ActiveCfg = Debug|Any CPU
		{0E8AC1F6-9430-4FFF-8ACC-995ECE66D9D4}.Debug|Any CPU.Build.0 = Debug|Any CPU
		{0E8AC1F6-9430-4FFF-8ACC-995ECE66D9D4}.Debug|x64.ActiveCfg = Debug|Any CPU
		{0E8AC1F6-9430-4FFF-8ACC-995ECE66D9D4}.Debug|x64.Build.0 = Debug|Any CPU
		{0E8AC1F6-9430-4FFF-8ACC-995ECE66D9D4}.Debug|x86.ActiveCfg = Debug|Any CPU
		{0E8AC1F6-9430-4FFF-8ACC-995ECE66D9D4}.Debug|x86.Build.0 = Debug|Any CPU
		{0E8AC1F6-9430-4FFF-8ACC-995ECE66D9D4}.Release|Any CPU.ActiveCfg = Release|Any CPU
		{0E8AC1F6-9430-4FFF-8ACC-995ECE66D9D4}.Release|Any CPU.Build.0 = Release|Any CPU
		{0E8AC1F6-9430-4FFF-8ACC-995ECE66D9D4}.Release|x64.ActiveCfg = Release|Any CPU
		{0E8AC1F6-9430-4FFF-8ACC-995ECE66D9D4}.Release|x64.Build.0 = Release|Any CPU
		{0E8AC1F6-9430-4FFF-8ACC-995ECE66D9D4}.Release|x86.ActiveCfg = Release|Any CPU
		{0E8AC1F6-9430-4FFF-8ACC-995ECE66D9D4}.Release|x86.Build.0 = Release|Any CPU
		{22B1D02F-6ED3-4542-BAF0-1BBB34C2F9A4}.Debug|Any CPU.ActiveCfg = Debug|Any CPU
		{22B1D02F-6ED3-4542-BAF0-1BBB34C2F9A4}.Debug|Any CPU.Build.0 = Debug|Any CPU
		{22B1D02F-6ED3-4542-BAF0-1BBB34C2F9A4}.Debug|x64.ActiveCfg = Debug|Any CPU
		{22B1D02F-6ED3-4542-BAF0-1BBB34C2F9A4}.Debug|x64.Build.0 = Debug|Any CPU
		{22B1D02F-6ED3-4542-BAF0-1BBB34C2F9A4}.Debug|x86.ActiveCfg = Debug|Any CPU
		{22B1D02F-6ED3-4542-BAF0-1BBB34C2F9A4}.Debug|x86.Build.0 = Debug|Any CPU
		{22B1D02F-6ED3-4542-BAF0-1BBB34C2F9A4}.Release|Any CPU.ActiveCfg = Release|Any CPU
		{22B1D02F-6ED3-4542-BAF0-1BBB34C2F9A4}.Release|Any CPU.Build.0 = Release|Any CPU
		{22B1D02F-6ED3-4542-BAF0-1BBB34C2F9A4}.Release|x64.ActiveCfg = Release|Any CPU
		{22B1D02F-6ED3-4542-BAF0-1BBB34C2F9A4}.Release|x64.Build.0 = Release|Any CPU
		{22B1D02F-6ED3-4542-BAF0-1BBB34C2F9A4}.Release|x86.ActiveCfg = Release|Any CPU
		{22B1D02F-6ED3-4542-BAF0-1BBB34C2F9A4}.Release|x86.Build.0 = Release|Any CPU
		{C8F99A99-98A1-49B6-B367-EB3CF9E617F1}.Debug|Any CPU.ActiveCfg = Debug|Any CPU
		{C8F99A99-98A1-49B6-B367-EB3CF9E617F1}.Debug|Any CPU.Build.0 = Debug|Any CPU
		{C8F99A99-98A1-49B6-B367-EB3CF9E617F1}.Debug|x64.ActiveCfg = Debug|Any CPU
		{C8F99A99-98A1-49B6-B367-EB3CF9E617F1}.Debug|x64.Build.0 = Debug|Any CPU
		{C8F99A99-98A1-49B6-B367-EB3CF9E617F1}.Debug|x86.ActiveCfg = Debug|Any CPU
		{C8F99A99-98A1-49B6-B367-EB3CF9E617F1}.Debug|x86.Build.0 = Debug|Any CPU
		{C8F99A99-98A1-49B6-B367-EB3CF9E617F1}.Release|Any CPU.ActiveCfg = Release|Any CPU
		{C8F99A99-98A1-49B6-B367-EB3CF9E617F1}.Release|Any CPU.Build.0 = Release|Any CPU
		{C8F99A99-98A1-49B6-B367-EB3CF9E617F1}.Release|x64.ActiveCfg = Release|Any CPU
		{C8F99A99-98A1-49B6-B367-EB3CF9E617F1}.Release|x64.Build.0 = Release|Any CPU
		{C8F99A99-98A1-49B6-B367-EB3CF9E617F1}.Release|x86.ActiveCfg = Release|Any CPU
		{C8F99A99-98A1-49B6-B367-EB3CF9E617F1}.Release|x86.Build.0 = Release|Any CPU
		{88B5CF1F-BEAE-4352-A935-2D5BCADC34AE}.Debug|Any CPU.ActiveCfg = Debug|Any CPU
		{88B5CF1F-BEAE-4352-A935-2D5BCADC34AE}.Debug|Any CPU.Build.0 = Debug|Any CPU
		{88B5CF1F-BEAE-4352-A935-2D5BCADC34AE}.Debug|x64.ActiveCfg = Debug|Any CPU
		{88B5CF1F-BEAE-4352-A935-2D5BCADC34AE}.Debug|x64.Build.0 = Debug|Any CPU
		{88B5CF1F-BEAE-4352-A935-2D5BCADC34AE}.Debug|x86.ActiveCfg = Debug|Any CPU
		{88B5CF1F-BEAE-4352-A935-2D5BCADC34AE}.Debug|x86.Build.0 = Debug|Any CPU
		{88B5CF1F-BEAE-4352-A935-2D5BCADC34AE}.Release|Any CPU.ActiveCfg = Release|Any CPU
		{88B5CF1F-BEAE-4352-A935-2D5BCADC34AE}.Release|Any CPU.Build.0 = Release|Any CPU
		{88B5CF1F-BEAE-4352-A935-2D5BCADC34AE}.Release|x64.ActiveCfg = Release|Any CPU
		{88B5CF1F-BEAE-4352-A935-2D5BCADC34AE}.Release|x64.Build.0 = Release|Any CPU
		{88B5CF1F-BEAE-4352-A935-2D5BCADC34AE}.Release|x86.ActiveCfg = Release|Any CPU
		{88B5CF1F-BEAE-4352-A935-2D5BCADC34AE}.Release|x86.Build.0 = Release|Any CPU
		{A93ECFDD-2EE9-42C8-815A-A866E37C5042}.Debug|Any CPU.ActiveCfg = Debug|Any CPU
		{A93ECFDD-2EE9-42C8-815A-A866E37C5042}.Debug|Any CPU.Build.0 = Debug|Any CPU
		{A93ECFDD-2EE9-42C8-815A-A866E37C5042}.Debug|x64.ActiveCfg = Debug|Any CPU
		{A93ECFDD-2EE9-42C8-815A-A866E37C5042}.Debug|x64.Build.0 = Debug|Any CPU
		{A93ECFDD-2EE9-42C8-815A-A866E37C5042}.Debug|x86.ActiveCfg = Debug|Any CPU
		{A93ECFDD-2EE9-42C8-815A-A866E37C5042}.Debug|x86.Build.0 = Debug|Any CPU
		{A93ECFDD-2EE9-42C8-815A-A866E37C5042}.Release|Any CPU.ActiveCfg = Release|Any CPU
		{A93ECFDD-2EE9-42C8-815A-A866E37C5042}.Release|Any CPU.Build.0 = Release|Any CPU
		{A93ECFDD-2EE9-42C8-815A-A866E37C5042}.Release|x64.ActiveCfg = Release|Any CPU
		{A93ECFDD-2EE9-42C8-815A-A866E37C5042}.Release|x64.Build.0 = Release|Any CPU
		{A93ECFDD-2EE9-42C8-815A-A866E37C5042}.Release|x86.ActiveCfg = Release|Any CPU
		{A93ECFDD-2EE9-42C8-815A-A866E37C5042}.Release|x86.Build.0 = Release|Any CPU
		{721CB7B8-CEC0-4545-80EC-F7CA4784D4E3}.Debug|Any CPU.ActiveCfg = Debug|Any CPU
		{721CB7B8-CEC0-4545-80EC-F7CA4784D4E3}.Debug|Any CPU.Build.0 = Debug|Any CPU
		{721CB7B8-CEC0-4545-80EC-F7CA4784D4E3}.Debug|x64.ActiveCfg = Debug|Any CPU
		{721CB7B8-CEC0-4545-80EC-F7CA4784D4E3}.Debug|x64.Build.0 = Debug|Any CPU
		{721CB7B8-CEC0-4545-80EC-F7CA4784D4E3}.Debug|x86.ActiveCfg = Debug|Any CPU
		{721CB7B8-CEC0-4545-80EC-F7CA4784D4E3}.Debug|x86.Build.0 = Debug|Any CPU
		{721CB7B8-CEC0-4545-80EC-F7CA4784D4E3}.Release|Any CPU.ActiveCfg = Release|Any CPU
		{721CB7B8-CEC0-4545-80EC-F7CA4784D4E3}.Release|Any CPU.Build.0 = Release|Any CPU
		{721CB7B8-CEC0-4545-80EC-F7CA4784D4E3}.Release|x64.ActiveCfg = Release|Any CPU
		{721CB7B8-CEC0-4545-80EC-F7CA4784D4E3}.Release|x64.Build.0 = Release|Any CPU
		{721CB7B8-CEC0-4545-80EC-F7CA4784D4E3}.Release|x86.ActiveCfg = Release|Any CPU
		{721CB7B8-CEC0-4545-80EC-F7CA4784D4E3}.Release|x86.Build.0 = Release|Any CPU
		{827045BB-CC90-4A98-B5E0-770B9372BD2E}.Debug|Any CPU.ActiveCfg = Debug|Any CPU
		{827045BB-CC90-4A98-B5E0-770B9372BD2E}.Debug|Any CPU.Build.0 = Debug|Any CPU
		{827045BB-CC90-4A98-B5E0-770B9372BD2E}.Debug|x64.ActiveCfg = Debug|Any CPU
		{827045BB-CC90-4A98-B5E0-770B9372BD2E}.Debug|x64.Build.0 = Debug|Any CPU
		{827045BB-CC90-4A98-B5E0-770B9372BD2E}.Debug|x86.ActiveCfg = Debug|Any CPU
		{827045BB-CC90-4A98-B5E0-770B9372BD2E}.Debug|x86.Build.0 = Debug|Any CPU
		{827045BB-CC90-4A98-B5E0-770B9372BD2E}.Release|Any CPU.ActiveCfg = Release|Any CPU
		{827045BB-CC90-4A98-B5E0-770B9372BD2E}.Release|Any CPU.Build.0 = Release|Any CPU
		{827045BB-CC90-4A98-B5E0-770B9372BD2E}.Release|x64.ActiveCfg = Release|Any CPU
		{827045BB-CC90-4A98-B5E0-770B9372BD2E}.Release|x64.Build.0 = Release|Any CPU
		{827045BB-CC90-4A98-B5E0-770B9372BD2E}.Release|x86.ActiveCfg = Release|Any CPU
		{827045BB-CC90-4A98-B5E0-770B9372BD2E}.Release|x86.Build.0 = Release|Any CPU
	EndGlobalSection
	GlobalSection(SolutionProperties) = preSolution
		HideSolutionNode = FALSE
	EndGlobalSection
	GlobalSection(NestedProjects) = preSolution
		{E31A55DF-FC7F-41DD-AFA6-D993FAB0CC07} = {827E0CD3-B72D-47B6-A68D-7590B98EB39B}
		{8281E424-7B83-4110-ADCE-82F5F88EA80D} = {827E0CD3-B72D-47B6-A68D-7590B98EB39B}
		{E82F21F0-8FF2-47B5-853F-BC98DED64CB4} = {827E0CD3-B72D-47B6-A68D-7590B98EB39B}
		{0E8AC1F6-9430-4FFF-8ACC-995ECE66D9D4} = {827E0CD3-B72D-47B6-A68D-7590B98EB39B}
		{22B1D02F-6ED3-4542-BAF0-1BBB34C2F9A4} = {827E0CD3-B72D-47B6-A68D-7590B98EB39B}
		{C8F99A99-98A1-49B6-B367-EB3CF9E617F1} = {0AB3BF05-4346-4AA6-1389-037BE0695223}
		{88B5CF1F-BEAE-4352-A935-2D5BCADC34AE} = {0AB3BF05-4346-4AA6-1389-037BE0695223}
		{A93ECFDD-2EE9-42C8-815A-A866E37C5042} = {0AB3BF05-4346-4AA6-1389-037BE0695223}
		{721CB7B8-CEC0-4545-80EC-F7CA4784D4E3} = {0AB3BF05-4346-4AA6-1389-037BE0695223}
		{827045BB-CC90-4A98-B5E0-770B9372BD2E} = {827E0CD3-B72D-47B6-A68D-7590B98EB39B}
	EndGlobalSection
EndGlobal
